
Microsoft Visual Studio Solution File, Format Version 12.00
# Visual Studio Version 16
VisualStudioVersion = 16.0.30804.86
MinimumVisualStudioVersion = 10.0.40219.1
Project("{FAE04EC0-301F-11D3-BF4B-00C04F79EFBC}") = "Ders4Odev5", "Ders4Odev5\Ders4Odev5.csproj", "{B19E8FB0-16A6-4329-B207-F6F7B2C80513}"
EndProject
Global
	GlobalSection(SolutionConfigurationPlatforms) = preSolution
		Debug|Any CPU = Debug|Any CPU
		Release|Any CPU = Release|Any CPU
	EndGlobalSection
	GlobalSection(ProjectConfigurationPlatforms) = postSolution
		{B19E8FB0-16A6-4329-B207-F6F7B2C80513}.Debug|Any CPU.ActiveCfg = Debug|Any CPU
		{B19E8FB0-16A6-4329-B207-F6F7B2C80513}.Debug|Any CPU.Build.0 = Debug|Any CPU
		{B19E8FB0-16A6-4329-B207-F6F7B2C80513}.Release|Any CPU.ActiveCfg = Release|Any CPU
		{B19E8FB0-16A6-4329-B207-F6F7B2C80513}.Release|Any CPU.Build.0 = Release|Any CPU
	EndGlobalSection
	GlobalSection(SolutionProperties) = preSolution
		HideSolutionNode = FALSE
	EndGlobalSection
	GlobalSection(ExtensibilityGlobals) = postSolution
		SolutionGuid = {833499B3-2757-4088-8AAA-34BC258E5AA5}
	EndGlobalSection
EndGlobal
